{
  "name": "dbtool",
  "version": "0.1.0",
  "lockfileVersion": 3,
  "requires": true,
  "packages": {
    "": {
      "name": "dbtool",
      "version": "0.1.0",
      "dependencies": {
        "@primevue/themes": "^4.0.7",
        "@tauri-apps/api": ">=2.0.0-rc.0",
        "@tauri-apps/plugin-shell": ">=2.0.0-rc.0",
        "primeflex": "^3.3.1",
        "primeicons": "^7.0.0",
        "primevue": "^4.0.7",
        "uuid": "^10.0.0",
        "vue": "^3.3.4"
      },
      "devDependencies": {
        "@tauri-apps/cli": ">=2.0.0-rc.0",
        "@types/uuid": "^10.0.0",
        "@vitejs/plugin-vue": "^5.0.5",
        "typescript": "^5.2.2",
        "vite": "^5.3.1",
        "vue-tsc": "^2.0.22"
      }
    },
    "node_modules/@babel/helper-string-parser": {
      "version": "7.24.8",
      "license": "MIT",
      "engines": {
        "node": ">=6.9.0"
      }
    },
    "node_modules/@babel/helper-validator-identifier": {
      "version": "7.24.7",
      "license": "MIT",
      "engines": {
        "node": ">=6.9.0"
      }
    },
    "node_modules/@babel/parser": {
      "version": "7.25.6",
      "license": "MIT",
      "dependencies": {
        "@babel/types": "^7.25.6"
      },
      "bin": {
        "parser": "bin/babel-parser.js"
      },
      "engines": {
        "node": ">=6.0.0"
      }
    },
    "node_modules/@babel/types": {
      "version": "7.25.6",
      "license": "MIT",
      "dependencies": {
        "@babel/helper-string-parser": "^7.24.8",
        "@babel/helper-validator-identifier": "^7.24.7",
        "to-fast-properties": "^2.0.0"
      },
      "engines": {
        "node": ">=6.9.0"
      }
    },
    "node_modules/@esbuild/win32-x64": {
      "version": "0.21.5",
      "cpu": [
        "x64"
      ],
      "dev": true,
      "license": "MIT",
      "optional": true,
      "os": [
        "win32"
      ],
      "engines": {
        "node": ">=12"
      }
    },
    "node_modules/@jridgewell/sourcemap-codec": {
      "version": "1.5.0",
      "license": "MIT"
    },
    "node_modules/@primeuix/styled": {
      "version": "0.2.0",
      "resolved": "https://registry.npmmirror.com/@primeuix/styled/-/styled-0.2.0.tgz",
      "integrity": "sha512-3Q6bDrmwTW88tzJsFIFenC0VyXLj0+/wYw+TZnJ/4CCDfehR4WfTs4EZdpuFtYqvmbpJ6zWXAiwSCNdSYTZkyA==",
      "license": "MIT",
      "dependencies": {
        "@primeuix/utils": "^0.2.0"
      },
      "engines": {
        "node": ">=12.11.0"
      }
    },
    "node_modules/@primeuix/utils": {
      "version": "0.2.0",
      "resolved": "https://registry.npmmirror.com/@primeuix/utils/-/utils-0.2.0.tgz",
      "integrity": "sha512-AaDIeRFlsbkVTk2s0mlEjnGSLi31X669NVwo+n+AVAnBdDiQznjipNTpHbOobVBtjOKZize74PChK6uoaSBRUw==",
      "license": "MIT",
      "engines": {
        "node": ">=12.11.0"
      }
    },
    "node_modules/@primevue/core": {
      "version": "4.1.1",
      "resolved": "https://registry.npmmirror.com/@primevue/core/-/core-4.1.1.tgz",
      "integrity": "sha512-jUDrTh3g0FskTdD6rCCsoWfxKky0R7959p7vnaNYI6wMLreaTL3yC3nzYlEniIpb+F51Sm3KJ1eSJBN6DnSB8Q==",
      "license": "MIT",
      "dependencies": {
        "@primeuix/styled": "^0.2.0",
        "@primeuix/utils": "^0.2.0"
      },
      "engines": {
        "node": ">=12.11.0"
      },
      "peerDependencies": {
        "vue": "^3.0.0"
      }
    },
    "node_modules/@primevue/icons": {
      "version": "4.1.1",
      "resolved": "https://registry.npmmirror.com/@primevue/icons/-/icons-4.1.1.tgz",
      "integrity": "sha512-Ybeb+AHUsVybITuYNwS7goqWcXLLgCDSiCPoymyYwYkzn5qLakvJbQH1EX8lGOsrvqK0hG+s+n7Wm2MHJ8A72w==",
      "license": "MIT",
      "dependencies": {
        "@primeuix/utils": "^0.2.0",
        "@primevue/core": "4.1.1"
      },
      "engines": {
        "node": ">=12.11.0"
      }
    },
    "node_modules/@primevue/themes": {
      "version": "4.1.1",
      "resolved": "https://registry.npmmirror.com/@primevue/themes/-/themes-4.1.1.tgz",
      "integrity": "sha512-ec2gBN2vP0ydGtGAzC0nYCFqYN7CzvXxnlJqcvcPIo3rP/pcdj+FkzAe3y2DMG3OorYtqdzoyGtBefQrx3v5ag==",
      "license": "MIT",
      "dependencies": {
        "@primeuix/styled": "^0.2.0"
      },
      "engines": {
        "node": ">=12.11.0"
      }
    },
    "node_modules/@rollup/rollup-win32-x64-msvc": {
      "version": "4.22.4",
      "cpu": [
        "x64"
      ],
      "dev": true,
      "license": "MIT",
      "optional": true,
      "os": [
        "win32"
      ]
    },
    "node_modules/@tauri-apps/api": {
      "version": "2.0.0-rc.5",
      "license": "Apache-2.0 OR MIT",
      "funding": {
        "type": "opencollective",
        "url": "https://opencollective.com/tauri"
      }
    },
    "node_modules/@tauri-apps/cli": {
      "version": "2.0.0-rc.16",
      "dev": true,
      "license": "Apache-2.0 OR MIT",
      "bin": {
        "tauri": "tauri.js"
      },
      "engines": {
        "node": ">= 10"
      },
      "funding": {
        "type": "opencollective",
        "url": "https://opencollective.com/tauri"
      },
      "optionalDependencies": {
        "@tauri-apps/cli-darwin-arm64": "2.0.0-rc.16",
        "@tauri-apps/cli-darwin-x64": "2.0.0-rc.16",
        "@tauri-apps/cli-linux-arm-gnueabihf": "2.0.0-rc.16",
        "@tauri-apps/cli-linux-arm64-gnu": "2.0.0-rc.16",
        "@tauri-apps/cli-linux-arm64-musl": "2.0.0-rc.16",
        "@tauri-apps/cli-linux-x64-gnu": "2.0.0-rc.16",
        "@tauri-apps/cli-linux-x64-musl": "2.0.0-rc.16",
        "@tauri-apps/cli-win32-arm64-msvc": "2.0.0-rc.16",
        "@tauri-apps/cli-win32-ia32-msvc": "2.0.0-rc.16",
        "@tauri-apps/cli-win32-x64-msvc": "2.0.0-rc.16"
      }
    },
    "node_modules/@tauri-apps/cli-win32-x64-msvc": {
      "version": "2.0.0-rc.16",
      "cpu": [
        "x64"
      ],
      "dev": true,
      "license": "Apache-2.0 OR MIT",
      "optional": true,
      "os": [
        "win32"
      ],
      "engines": {
        "node": ">= 10"
      }
    },
    "node_modules/@tauri-apps/plugin-shell": {
      "version": "2.0.0-rc.1",
      "license": "MIT or APACHE-2.0",
      "dependencies": {
        "@tauri-apps/api": "^2.0.0-rc.4"
      }
    },
    "node_modules/@types/estree": {
      "version": "1.0.5",
      "dev": true,
      "license": "MIT"
    },
    "node_modules/@types/node": {
      "version": "22.7.5",
      "dev": true,
      "license": "MIT",
      "optional": true,
      "peer": true,
      "dependencies": {
        "undici-types": "~6.19.2"
      }
    },
    "node_modules/@types/uuid": {
      "version": "10.0.0",
      "dev": true,
      "license": "MIT"
    },
    "node_modules/@vitejs/plugin-vue": {
      "version": "5.1.4",
      "dev": true,
      "license": "MIT",
      "engines": {
        "node": "^18.0.0 || >=20.0.0"
      },
      "peerDependencies": {
        "vite": "^5.0.0",
        "vue": "^3.2.25"
      }
    },
    "node_modules/@volar/language-core": {
      "version": "2.4.5",
      "dev": true,
      "license": "MIT",
      "dependencies": {
        "@volar/source-map": "2.4.5"
      }
    },
    "node_modules/@volar/source-map": {
      "version": "2.4.5",
      "dev": true,
      "license": "MIT"
    },
    "node_modules/@volar/typescript": {
      "version": "2.4.5",
      "dev": true,
      "license": "MIT",
      "dependencies": {
        "@volar/language-core": "2.4.5",
        "path-browserify": "^1.0.1",
        "vscode-uri": "^3.0.8"
      }
    },
    "node_modules/@vue/compiler-core": {
      "version": "3.5.9",
      "license": "MIT",
      "dependencies": {
        "@babel/parser": "^7.25.3",
        "@vue/shared": "3.5.9",
        "entities": "^4.5.0",
        "estree-walker": "^2.0.2",
        "source-map-js": "^1.2.0"
      }
    },
    "node_modules/@vue/compiler-dom": {
      "version": "3.5.9",
      "license": "MIT",
      "dependencies": {
        "@vue/compiler-core": "3.5.9",
        "@vue/shared": "3.5.9"
      }
    },
    "node_modules/@vue/compiler-sfc": {
      "version": "3.5.9",
      "license": "MIT",
      "dependencies": {
        "@babel/parser": "^7.25.3",
        "@vue/compiler-core": "3.5.9",
        "@vue/compiler-dom": "3.5.9",
        "@vue/compiler-ssr": "3.5.9",
        "@vue/shared": "3.5.9",
        "estree-walker": "^2.0.2",
        "magic-string": "^0.30.11",
        "postcss": "^8.4.47",
        "source-map-js": "^1.2.0"
      }
    },
    "node_modules/@vue/compiler-ssr": {
      "version": "3.5.9",
      "license": "MIT",
      "dependencies": {
        "@vue/compiler-dom": "3.5.9",
        "@vue/shared": "3.5.9"
      }
    },
    "node_modules/@vue/compiler-vue2": {
      "version": "2.7.16",
      "dev": true,
      "license": "MIT",
      "dependencies": {
        "de-indent": "^1.0.2",
        "he": "^1.2.0"
      }
    },
    "node_modules/@vue/language-core": {
      "version": "2.1.6",
      "dev": true,
      "license": "MIT",
      "dependencies": {
        "@volar/language-core": "~2.4.1",
        "@vue/compiler-dom": "^3.4.0",
        "@vue/compiler-vue2": "^2.7.16",
        "@vue/shared": "^3.4.0",
        "computeds": "^0.0.1",
        "minimatch": "^9.0.3",
        "muggle-string": "^0.4.1",
        "path-browserify": "^1.0.1"
      },
      "peerDependencies": {
        "typescript": "*"
      },
      "peerDependenciesMeta": {
        "typescript": {
          "optional": true
        }
      }
    },
    "node_modules/@vue/reactivity": {
      "version": "3.5.9",
      "license": "MIT",
      "dependencies": {
        "@vue/shared": "3.5.9"
      }
    },
    "node_modules/@vue/runtime-core": {
      "version": "3.5.9",
      "license": "MIT",
      "dependencies": {
        "@vue/reactivity": "3.5.9",
        "@vue/shared": "3.5.9"
      }
    },
    "node_modules/@vue/runtime-dom": {
      "version": "3.5.9",
      "license": "MIT",
      "dependencies": {
        "@vue/reactivity": "3.5.9",
        "@vue/runtime-core": "3.5.9",
        "@vue/shared": "3.5.9",
        "csstype": "^3.1.3"
      }
    },
    "node_modules/@vue/server-renderer": {
      "version": "3.5.9",
      "license": "MIT",
      "dependencies": {
        "@vue/compiler-ssr": "3.5.9",
        "@vue/shared": "3.5.9"
      },
      "peerDependencies": {
        "vue": "3.5.9"
      }
    },
    "node_modules/@vue/shared": {
      "version": "3.5.9",
      "license": "MIT"
    },
    "node_modules/balanced-match": {
      "version": "1.0.2",
      "dev": true,
      "license": "MIT"
    },
    "node_modules/brace-expansion": {
      "version": "2.0.1",
      "dev": true,
      "license": "MIT",
      "dependencies": {
        "balanced-match": "^1.0.0"
      }
    },
    "node_modules/computeds": {
      "version": "0.0.1",
      "dev": true,
      "license": "MIT"
    },
    "node_modules/csstype": {
      "version": "3.1.3",
      "license": "MIT"
    },
    "node_modules/de-indent": {
      "version": "1.0.2",
      "dev": true,
      "license": "MIT"
    },
    "node_modules/entities": {
      "version": "4.5.0",
      "license": "BSD-2-Clause",
      "engines": {
        "node": ">=0.12"
      },
      "funding": {
        "url": "https://github.com/fb55/entities?sponsor=1"
      }
    },
    "node_modules/esbuild": {
      "version": "0.21.5",
      "dev": true,
      "hasInstallScript": true,
      "license": "MIT",
      "bin": {
        "esbuild": "bin/esbuild"
      },
      "engines": {
        "node": ">=12"
      },
      "optionalDependencies": {
        "@esbuild/aix-ppc64": "0.21.5",
        "@esbuild/android-arm": "0.21.5",
        "@esbuild/android-arm64": "0.21.5",
        "@esbuild/android-x64": "0.21.5",
        "@esbuild/darwin-arm64": "0.21.5",
        "@esbuild/darwin-x64": "0.21.5",
        "@esbuild/freebsd-arm64": "0.21.5",
        "@esbuild/freebsd-x64": "0.21.5",
        "@esbuild/linux-arm": "0.21.5",
        "@esbuild/linux-arm64": "0.21.5",
        "@esbuild/linux-ia32": "0.21.5",
        "@esbuild/linux-loong64": "0.21.5",
        "@esbuild/linux-mips64el": "0.21.5",
        "@esbuild/linux-ppc64": "0.21.5",
        "@esbuild/linux-riscv64": "0.21.5",
        "@esbuild/linux-s390x": "0.21.5",
        "@esbuild/linux-x64": "0.21.5",
        "@esbuild/netbsd-x64": "0.21.5",
        "@esbuild/openbsd-x64": "0.21.5",
        "@esbuild/sunos-x64": "0.21.5",
        "@esbuild/win32-arm64": "0.21.5",
        "@esbuild/win32-ia32": "0.21.5",
        "@esbuild/win32-x64": "0.21.5"
      }
    },
    "node_modules/estree-walker": {
      "version": "2.0.2",
      "license": "MIT"
    },
    "node_modules/he": {
      "version": "1.2.0",
      "dev": true,
      "license": "MIT",
      "bin": {
        "he": "bin/he"
      }
    },
    "node_modules/magic-string": {
      "version": "0.30.11",
      "license": "MIT",
      "dependencies": {
        "@jridgewell/sourcemap-codec": "^1.5.0"
      }
    },
    "node_modules/minimatch": {
      "version": "9.0.5",
      "dev": true,
      "license": "ISC",
      "dependencies": {
        "brace-expansion": "^2.0.1"
      },
      "engines": {
        "node": ">=16 || 14 >=14.17"
      },
      "funding": {
        "url": "https://github.com/sponsors/isaacs"
      }
    },
    "node_modules/muggle-string": {
      "version": "0.4.1",
      "dev": true,
      "license": "MIT"
    },
    "node_modules/nanoid": {
      "version": "3.3.7",
      "funding": [
        {
          "type": "github",
          "url": "https://github.com/sponsors/ai"
        }
      ],
      "license": "MIT",
      "bin": {
        "nanoid": "bin/nanoid.cjs"
      },
      "engines": {
        "node": "^10 || ^12 || ^13.7 || ^14 || >=15.0.1"
      }
    },
    "node_modules/path-browserify": {
      "version": "1.0.1",
      "dev": true,
      "license": "MIT"
    },
    "node_modules/picocolors": {
      "version": "1.1.0",
      "license": "ISC"
    },
    "node_modules/postcss": {
      "version": "8.4.47",
      "funding": [
        {
          "type": "opencollective",
          "url": "https://opencollective.com/postcss/"
        },
        {
          "type": "tidelift",
          "url": "https://tidelift.com/funding/github/npm/postcss"
        },
        {
          "type": "github",
          "url": "https://github.com/sponsors/ai"
        }
      ],
      "license": "MIT",
      "dependencies": {
        "nanoid": "^3.3.7",
        "picocolors": "^1.1.0",
        "source-map-js": "^1.2.1"
      },
      "engines": {
        "node": "^10 || ^12 || >=14"
      }
    },
    "node_modules/primeflex": {
      "version": "3.3.1",
      "resolved": "https://registry.npmmirror.com/primeflex/-/primeflex-3.3.1.tgz",
      "integrity": "sha512-zaOq3YvcOYytbAmKv3zYc+0VNS9Wg5d37dfxZnveKBFPr7vEIwfV5ydrpiouTft8MVW6qNjfkaQphHSnvgQbpQ==",
      "license": "MIT"
    },
    "node_modules/primeicons": {
      "version": "7.0.0",
      "resolved": "https://registry.npmmirror.com/primeicons/-/primeicons-7.0.0.tgz",
      "integrity": "sha512-jK3Et9UzwzTsd6tzl2RmwrVY/b8raJ3QZLzoDACj+oTJ0oX7L9Hy+XnVwgo4QVKlKpnP/Ur13SXV/pVh4LzaDw==",
      "license": "MIT"
    },
    "node_modules/primevue": {
      "version": "4.1.1",
      "resolved": "https://registry.npmmirror.com/primevue/-/primevue-4.1.1.tgz",
      "integrity": "sha512-FeJkv7FhfePfUBoApW0qAhid6Znq18VgbGFZdmhUcxvOD49Y2Eo/k2Yn7ypPhRbRApWiaSRN0v/2G1I4AMj3xg==",
      "license": "MIT",
      "dependencies": {
        "@primeuix/styled": "^0.2.0",
        "@primeuix/utils": "^0.2.0",
        "@primevue/core": "4.1.1",
        "@primevue/icons": "4.1.1"
      },
      "engines": {
        "node": ">=12.11.0"
      }
    },
    "node_modules/rollup": {
      "version": "4.22.4",
      "dev": true,
      "license": "MIT",
      "dependencies": {
        "@types/estree": "1.0.5"
      },
      "bin": {
        "rollup": "dist/bin/rollup"
      },
      "engines": {
        "node": ">=18.0.0",
        "npm": ">=8.0.0"
      },
      "optionalDependencies": {
        "@rollup/rollup-android-arm-eabi": "4.22.4",
        "@rollup/rollup-android-arm64": "4.22.4",
        "@rollup/rollup-darwin-arm64": "4.22.4",
        "@rollup/rollup-darwin-x64": "4.22.4",
        "@rollup/rollup-linux-arm-gnueabihf": "4.22.4",
        "@rollup/rollup-linux-arm-musleabihf": "4.22.4",
        "@rollup/rollup-linux-arm64-gnu": "4.22.4",
        "@rollup/rollup-linux-arm64-musl": "4.22.4",
        "@rollup/rollup-linux-powerpc64le-gnu": "4.22.4",
        "@rollup/rollup-linux-riscv64-gnu": "4.22.4",
        "@rollup/rollup-linux-s390x-gnu": "4.22.4",
        "@rollup/rollup-linux-x64-gnu": "4.22.4",
        "@rollup/rollup-linux-x64-musl": "4.22.4",
        "@rollup/rollup-win32-arm64-msvc": "4.22.4",
        "@rollup/rollup-win32-ia32-msvc": "4.22.4",
        "@rollup/rollup-win32-x64-msvc": "4.22.4",
        "fsevents": "~2.3.2"
      }
    },
    "node_modules/semver": {
      "version": "7.6.3",
      "dev": true,
      "license": "ISC",
      "bin": {
        "semver": "bin/semver.js"
      },
      "engines": {
        "node": ">=10"
      }
    },
    "node_modules/source-map-js": {
      "version": "1.2.1",
      "license": "BSD-3-Clause",
      "engines": {
        "node": ">=0.10.0"
      }
    },
    "node_modules/to-fast-properties": {
      "version": "2.0.0",
      "license": "MIT",
      "engines": {
        "node": ">=4"
      }
    },
    "node_modules/typescript": {
      "version": "5.6.2",
      "devOptional": true,
      "license": "Apache-2.0",
      "bin": {
        "tsc": "bin/tsc",
        "tsserver": "bin/tsserver"
      },
      "engines": {
        "node": ">=14.17"
      }
    },
    "node_modules/undici-types": {
      "version": "6.19.8",
      "dev": true,
      "license": "MIT",
      "optional": true,
      "peer": true
    },
    "node_modules/uuid": {
      "version": "10.0.0",
      "funding": [
        "https://github.com/sponsors/broofa",
        "https://github.com/sponsors/ctavan"
      ],
      "license": "MIT",
      "bin": {
        "uuid": "dist/bin/uuid"
      }
    },
    "node_modules/vite": {
      "version": "5.4.8",
      "dev": true,
      "license": "MIT",
      "dependencies": {
        "esbuild": "^0.21.3",
        "postcss": "^8.4.43",
        "rollup": "^4.20.0"
      },
      "bin": {
        "vite": "bin/vite.js"
      },
      "engines": {
        "node": "^18.0.0 || >=20.0.0"
      },
      "funding": {
        "url": "https://github.com/vitejs/vite?sponsor=1"
      },
      "optionalDependencies": {
        "fsevents": "~2.3.3"
      },
      "peerDependencies": {
        "@types/node": "^18.0.0 || >=20.0.0",
        "less": "*",
        "lightningcss": "^1.21.0",
        "sass": "*",
        "sass-embedded": "*",
        "stylus": "*",
        "sugarss": "*",
        "terser": "^5.4.0"
      },
      "peerDependenciesMeta": {
        "@types/node": {
          "optional": true
        },
        "less": {
          "optional": true
        },
        "lightningcss": {
          "optional": true
        },
        "sass": {
          "optional": true
        },
        "sass-embedded": {
          "optional": true
        },
        "stylus": {
          "optional": true
        },
        "sugarss": {
          "optional": true
        },
        "terser": {
          "optional": true
        }
      }
    },
    "node_modules/vscode-uri": {
      "version": "3.0.8",
      "dev": true,
      "license": "MIT"
    },
    "node_modules/vue": {
      "version": "3.5.9",
      "license": "MIT",
      "dependencies": {
        "@vue/compiler-dom": "3.5.9",
        "@vue/compiler-sfc": "3.5.9",
        "@vue/runtime-dom": "3.5.9",
        "@vue/server-renderer": "3.5.9",
        "@vue/shared": "3.5.9"
      },
      "peerDependencies": {
        "typescript": "*"
      },
      "peerDependenciesMeta": {
        "typescript": {
          "optional": true
        }
      }
    },
    "node_modules/vue-tsc": {
      "version": "2.1.6",
      "dev": true,
      "license": "MIT",
      "dependencies": {
        "@volar/typescript": "~2.4.1",
        "@vue/language-core": "2.1.6",
        "semver": "^7.5.4"
      },
      "bin": {
        "vue-tsc": "bin/vue-tsc.js"
      },
      "peerDependencies": {
        "typescript": ">=5.0.0"
      }
    }
  }
}
